
Microsoft Visual Studio Solution File, Format Version 12.00
# Visual Studio 15
VisualStudioVersion = 15.0.26124.0
MinimumVisualStudioVersion = 15.0.26124.0
Project("{FAE04EC0-301F-11D3-BF4B-00C04F79EFBC}") = "QuickBuy.Dominio", "QuickBuy.Dominio\QuickBuy.Dominio.csproj", "{60570047-1A73-4FA5-BB8D-A58B21F06B7A}"
EndProject
Project("{FAE04EC0-301F-11D3-BF4B-00C04F79EFBC}") = "QuickBuy.Repositorio", "QuickBuy.Repositorio\QuickBuy.Repositorio.csproj", "{BF48C4B9-EF24-4C89-96BF-C6A9366B05F6}"
EndProject
Project("{FAE04EC0-301F-11D3-BF4B-00C04F79EFBC}") = "QuickBuy.Web", "QuickBuy.Web\QuickBuy.Web.csproj", "{9AD807EF-05F2-4972-8A6E-4D347DEB4568}"
EndProject
Global
	GlobalSection(SolutionConfigurationPlatforms) = preSolution
		Debug|Any CPU = Debug|Any CPU
		Debug|x64 = Debug|x64
		Debug|x86 = Debug|x86
		Release|Any CPU = Release|Any CPU
		Release|x64 = Release|x64
		Release|x86 = Release|x86
	EndGlobalSection
	GlobalSection(SolutionProperties) = preSolution
		HideSolutionNode = FALSE
	EndGlobalSection
	GlobalSection(ProjectConfigurationPlatforms) = postSolution
		{60570047-1A73-4FA5-BB8D-A58B21F06B7A}.Debug|Any CPU.ActiveCfg = Debug|Any CPU
		{60570047-1A73-4FA5-BB8D-A58B21F06B7A}.Debug|Any CPU.Build.0 = Debug|Any CPU
		{60570047-1A73-4FA5-BB8D-A58B21F06B7A}.Debug|x64.ActiveCfg = Debug|Any CPU
		{60570047-1A73-4FA5-BB8D-A58B21F06B7A}.Debug|x64.Build.0 = Debug|Any CPU
		{60570047-1A73-4FA5-BB8D-A58B21F06B7A}.Debug|x86.ActiveCfg = Debug|Any CPU
		{60570047-1A73-4FA5-BB8D-A58B21F06B7A}.Debug|x86.Build.0 = Debug|Any CPU
		{60570047-1A73-4FA5-BB8D-A58B21F06B7A}.Release|Any CPU.ActiveCfg = Release|Any CPU
		{60570047-1A73-4FA5-BB8D-A58B21F06B7A}.Release|Any CPU.Build.0 = Release|Any CPU
		{60570047-1A73-4FA5-BB8D-A58B21F06B7A}.Release|x64.ActiveCfg = Release|Any CPU
		{60570047-1A73-4FA5-BB8D-A58B21F06B7A}.Release|x64.Build.0 = Release|Any CPU
		{60570047-1A73-4FA5-BB8D-A58B21F06B7A}.Release|x86.ActiveCfg = Release|Any CPU
		{60570047-1A73-4FA5-BB8D-A58B21F06B7A}.Release|x86.Build.0 = Release|Any CPU
		{BF48C4B9-EF24-4C89-96BF-C6A9366B05F6}.Debug|Any CPU.ActiveCfg = Debug|Any CPU
		{BF48C4B9-EF24-4C89-96BF-C6A9366B05F6}.Debug|Any CPU.Build.0 = Debug|Any CPU
		{BF48C4B9-EF24-4C89-96BF-C6A9366B05F6}.Debug|x64.ActiveCfg = Debug|Any CPU
		{BF48C4B9-EF24-4C89-96BF-C6A9366B05F6}.Debug|x64.Build.0 = Debug|Any CPU
		{BF48C4B9-EF24-4C89-96BF-C6A9366B05F6}.Debug|x86.ActiveCfg = Debug|Any CPU
		{BF48C4B9-EF24-4C89-96BF-C6A9366B05F6}.Debug|x86.Build.0 = Debug|Any CPU
		{BF48C4B9-EF24-4C89-96BF-C6A9366B05F6}.Release|Any CPU.ActiveCfg = Release|Any CPU
		{BF48C4B9-EF24-4C89-96BF-C6A9366B05F6}.Release|Any CPU.Build.0 = Release|Any CPU
		{BF48C4B9-EF24-4C89-96BF-C6A9366B05F6}.Release|x64.ActiveCfg = Release|Any CPU
		{BF48C4B9-EF24-4C89-96BF-C6A9366B05F6}.Release|x64.Build.0 = Release|Any CPU
		{BF48C4B9-EF24-4C89-96BF-C6A9366B05F6}.Release|x86.ActiveCfg = Release|Any CPU
		{BF48C4B9-EF24-4C89-96BF-C6A9366B05F6}.Release|x86.Build.0 = Release|Any CPU
		{94B16C14-826C-4413-A006-E2C5B1EAB6AC}.Debug|Any CPU.ActiveCfg = Debug|Any CPU
		{94B16C14-826C-4413-A006-E2C5B1EAB6AC}.Debug|Any CPU.Build.0 = Debug|Any CPU
		{94B16C14-826C-4413-A006-E2C5B1EAB6AC}.Debug|x64.ActiveCfg = Debug|Any CPU
		{94B16C14-826C-4413-A006-E2C5B1EAB6AC}.Debug|x64.Build.0 = Debug|Any CPU
		{94B16C14-826C-4413-A006-E2C5B1EAB6AC}.Debug|x86.ActiveCfg = Debug|Any CPU
		{94B16C14-826C-4413-A006-E2C5B1EAB6AC}.Debug|x86.Build.0 = Debug|Any CPU
		{94B16C14-826C-4413-A006-E2C5B1EAB6AC}.Release|Any CPU.ActiveCfg = Release|Any CPU
		{94B16C14-826C-4413-A006-E2C5B1EAB6AC}.Release|Any CPU.Build.0 = Release|Any CPU
		{94B16C14-826C-4413-A006-E2C5B1EAB6AC}.Release|x64.ActiveCfg = Release|Any CPU
		{94B16C14-826C-4413-A006-E2C5B1EAB6AC}.Release|x64.Build.0 = Release|Any CPU
		{94B16C14-826C-4413-A006-E2C5B1EAB6AC}.Release|x86.ActiveCfg = Release|Any CPU
		{94B16C14-826C-4413-A006-E2C5B1EAB6AC}.Release|x86.Build.0 = Release|Any CPU
		{9AD807EF-05F2-4972-8A6E-4D347DEB4568}.Debug|Any CPU.ActiveCfg = Debug|Any CPU
		{9AD807EF-05F2-4972-8A6E-4D347DEB4568}.Debug|Any CPU.Build.0 = Debug|Any CPU
		{9AD807EF-05F2-4972-8A6E-4D347DEB4568}.Debug|x64.ActiveCfg = Debug|Any CPU
		{9AD807EF-05F2-4972-8A6E-4D347DEB4568}.Debug|x64.Build.0 = Debug|Any CPU
		{9AD807EF-05F2-4972-8A6E-4D347DEB4568}.Debug|x86.ActiveCfg = Debug|Any CPU
		{9AD807EF-05F2-4972-8A6E-4D347DEB4568}.Debug|x86.Build.0 = Debug|Any CPU
		{9AD807EF-05F2-4972-8A6E-4D347DEB4568}.Release|Any CPU.ActiveCfg = Release|Any CPU
		{9AD807EF-05F2-4972-8A6E-4D347DEB4568}.Release|Any CPU.Build.0 = Release|Any CPU
		{9AD807EF-05F2-4972-8A6E-4D347DEB4568}.Release|x64.ActiveCfg = Release|Any CPU
		{9AD807EF-05F2-4972-8A6E-4D347DEB4568}.Release|x64.Build.0 = Release|Any CPU
		{9AD807EF-05F2-4972-8A6E-4D347DEB4568}.Release|x86.ActiveCfg = Release|Any CPU
		{9AD807EF-05F2-4972-8A6E-4D347DEB4568}.Release|x86.Build.0 = Release|Any CPU
	EndGlobalSection
EndGlobal
